// !$*UTF8*$!
{
	archiveVersion = 1;
	classes = {
	};
	objectVersion = 46;
	objects = {

/* Begin PBXBuildFile section */
		6F7180EE1E78E79000883C38 /* main.m in Sources */ = {isa = PBXBuildFile; fileRef = 6F7180ED1E78E79000883C38 /* main.m */; };
		6F7180F11E78E79000883C38 /* AppDelegate.m in Sources */ = {isa = PBXBuildFile; fileRef = 6F7180F01E78E79000883C38 /* AppDelegate.m */; };
		6F7180F41E78E79000883C38 /* ViewController.m in Sources */ = {isa = PBXBuildFile; fileRef = 6F7180F31E78E79000883C38 /* ViewController.m */; };
		6F7180F71E78E79000883C38 /* Main.storyboard in Resources */ = {isa = PBXBuildFile; fileRef = 6F7180F51E78E79000883C38 /* Main.storyboard */; };
		6F7180FA1E78E79000883C38 /* Tomato.xcdatamodeld in Sources */ = {isa = PBXBuildFile; fileRef = 6F7180F81E78E79000883C38 /* Tomato.xcdatamodeld */; };
		6F7180FC1E78E79000883C38 /* Assets.xcassets in Resources */ = {isa = PBXBuildFile; fileRef = 6F7180FB1E78E79000883C38 /* Assets.xcassets */; };
		6F7180FF1E78E79000883C38 /* LaunchScreen.storyboard in Resources */ = {isa = PBXBuildFile; fileRef = 6F7180FD1E78E79000883C38 /* LaunchScreen.storyboard */; };
		6F71810A1E78E79000883C38 /* TomatoTests.m in Sources */ = {isa = PBXBuildFile; fileRef = 6F7181091E78E79000883C38 /* TomatoTests.m */; };
		6F7181151E78E79000883C38 /* TomatoUITests.m in Sources */ = {isa = PBXBuildFile; fileRef = 6F7181141E78E79000883C38 /* TomatoUITests.m */; };
/* End PBXBuildFile section */

/* Begin PBXContainerItemProxy section */
		6F7181061E78E79000883C38 /* PBXContainerItemProxy */ = {
			isa = PBXContainerItemProxy;
			containerPortal = 6F7180E11E78E79000883C38 /* Project object */;
			proxyType = 1;
			remoteGlobalIDString = 6F7180E81E78E79000883C38;
			remoteInfo = Tomato;
		};
		6F7181111E78E79000883C38 /* PBXContainerItemProxy */ = {
			isa = PBXContainerItemProxy;
			containerPortal = 6F7180E11E78E79000883C38 /* Project object */;
			proxyType = 1;
			remoteGlobalIDString = 6F7180E81E78E79000883C38;
			remoteInfo = Tomato;
		};
/* End PBXContainerItemProxy section */

/* Begin PBXFileReference section */
		6F7180E91E78E79000883C38 /* Tomato.app */ = {isa = PBXFileReference; explicitFileType = wrapper.application; includeInIndex = 0; path = Tomato.app; sourceTree = BUILT_PRODUCTS_DIR; };
		6F7180ED1E78E79000883C38 /* main.m */ = {isa = PBXFileReference; lastKnownFileType = sourcecode.c.objc; path = main.m; sourceTree = "<group>"; };
		6F7180EF1E78E79000883C38 /* AppDelegate.h */ = {isa = PBXFileReference; lastKnownFileType = sourcecode.c.h; path = AppDelegate.h; sourceTree = "<group>"; };
		6F7180F01E78E79000883C38 /* AppDelegate.m */ = {isa = PBXFileReference; lastKnownFileType = sourcecode.c.objc; path = AppDelegate.m; sourceTree = "<group>"; };
		6F7180F21E78E79000883C38 /* ViewController.h */ = {isa = PBXFileReference; lastKnownFileType = sourcecode.c.h; path = ViewController.h; sourceTree = "<group>"; };
		6F7180F31E78E79000883C38 /* ViewController.m */ = {isa = PBXFileReference; lastKnownFileType = sourcecode.c.objc; path = ViewController.m; sourceTree = "<group>"; };
		6F7180F61E78E79000883C38 /* Base */ = {isa = PBXFileReference; lastKnownFileType = file.storyboard; name = Base; path = Base.lproj/Main.storyboard; sourceTree = "<group>"; };
		6F7180F91E78E79000883C38 /* Tomato.xcdatamodel */ = {isa = PBXFileReference; lastKnownFileType = wrapper.xcdatamodel; path = Tomato.xcdatamodel; sourceTree = "<group>"; };
		6F7180FB1E78E79000883C38 /* Assets.xcassets */ = {isa = PBXFileReference; lastKnownFileType = folder.assetcatalog; path = Assets.xcassets; sourceTree = "<group>"; };
		6F7180FE1E78E79000883C38 /* Base */ = {isa = PBXFileReference; lastKnownFileType = file.storyboard; name = Base; path = Base.lproj/LaunchScreen.storyboard; sourceTree = "<group>"; };
		6F7181001E78E79000883C38 /* Info.plist */ = {isa = PBXFileReference; lastKnownFileType = text.plist.xml; path = Info.plist; sourceTree = "<group>"; };
		6F7181051E78E79000883C38 /* TomatoTests.xctest */ = {isa = PBXFileReference; explicitFileType = wrapper.cfbundle; includeInIndex = 0; path = TomatoTests.xctest; sourceTree = BUILT_PRODUCTS_DIR; };
		6F7181091E78E79000883C38 /* TomatoTests.m */ = {isa = PBXFileReference; lastKnownFileType = sourcecode.c.objc; path = TomatoTests.m; sourceTree = "<group>"; };
		6F71810B1E78E79000883C38 /* Info.plist */ = {isa = PBXFileReference; lastKnownFileType = text.plist.xml; path = Info.plist; sourceTree = "<group>"; };
		6F7181101E78E79000883C38 /* TomatoUITests.xctest */ = {isa = PBXFileReference; explicitFileType = wrapper.cfbundle; includeInIndex = 0; path = TomatoUITests.xctest; sourceTree = BUILT_PRODUCTS_DIR; };
		6F7181141E78E79000883C38 /* TomatoUITests.m */ = {isa = PBXFileReference; lastKnownFileType = sourcecode.c.objc; path = TomatoUITests.m; sourceTree = "<group>"; };
		6F7181161E78E79000883C38 /* Info.plist */ = {isa = PBXFileReference; lastKnownFileType = text.plist.xml; path = Info.plist; sourceTree = "<group>"; };
/* End PBXFileReference section */

/* Begin PBXFrameworksBuildPhase section */
		6F7180E61E78E79000883C38 /* Frameworks */ = {
			isa = PBXFrameworksBuildPhase;
			buildActionMask = 2147483647;
			files = (
			);
			runOnlyForDeploymentPostprocessing = 0;
		};
		6F7181021E78E79000883C38 /* Frameworks */ = {
			isa = PBXFrameworksBuildPhase;
			buildActionMask = 2147483647;
			files = (
			);
			runOnlyForDeploymentPostprocessing = 0;
		};
		6F71810D1E78E79000883C38 /* Frameworks */ = {
			isa = PBXFrameworksBuildPhase;
			buildActionMask = 2147483647;
			files = (
			);
			runOnlyForDeploymentPostprocessing = 0;
		};
/* End PBXFrameworksBuildPhase section */

/* Begin PBXGroup section */
		6F7180E01E78E79000883C38 = {
			isa = PBXGroup;
			children = (
				6F7180EB1E78E79000883C38 /* Tomato */,
				6F7181081E78E79000883C38 /* TomatoTests */,
				6F7181131E78E79000883C38 /* TomatoUITests */,
				6F7180EA1E78E79000883C38 /* Products */,
			);
			sourceTree = "<group>";
		};
		6F7180EA1E78E79000883C38 /* Products */ = {
			isa = PBXGroup;
			children = (
				6F7180E91E78E79000883C38 /* Tomato.app */,
				6F7181051E78E79000883C38 /* TomatoTests.xctest */,
				6F7181101E78E79000883C38 /* TomatoUITests.xctest */,
			);
			name = Products;
			sourceTree = "<group>";
		};
		6F7180EB1E78E79000883C38 /* Tomato */ = {
			isa = PBXGroup;
			children = (
				6F7180EF1E78E79000883C38 /* AppDelegate.h */,
				6F7180F01E78E79000883C38 /* AppDelegate.m */,
				6F7180F21E78E79000883C38 /* ViewController.h */,
				6F7180F31E78E79000883C38 /* ViewController.m */,
				6F7180F51E78E79000883C38 /* Main.storyboard */,
				6F7180FB1E78E79000883C38 /* Assets.xcassets */,
				6F7180FD1E78E79000883C38 /* LaunchScreen.storyboard */,
				6F7181001E78E79000883C38 /* Info.plist */,
				6F7180F81E78E79000883C38 /* Tomato.xcdatamodeld */,
				6F7180EC1E78E79000883C38 /* Supporting Files */,
			);
			path = Tomato;
			sourceTree = "<group>";
		};
		6F7180EC1E78E79000883C38 /* Supporting Files */ = {
			isa = PBXGroup;
			children = (
				6F7180ED1E78E79000883C38 /* main.m */,
			);
			name = "Supporting Files";
			sourceTree = "<group>";
		};
		6F7181081E78E79000883C38 /* TomatoTests */ = {
			isa = PBXGroup;
			children = (
				6F7181091E78E79000883C38 /* TomatoTests.m */,
				6F71810B1E78E79000883C38 /* Info.plist */,
			);
			path = TomatoTests;
			sourceTree = "<group>";
		};
		6F7181131E78E79000883C38 /* TomatoUITests */ = {
			isa = PBXGroup;
			children = (
				6F7181141E78E79000883C38 /* TomatoUITests.m */,
				6F7181161E78E79000883C38 /* Info.plist */,
			);
			path = TomatoUITests;
			sourceTree = "<group>";
		};
/* End PBXGroup section */

/* Begin PBXNativeTarget section */
		6F7180E81E78E79000883C38 /* Tomato */ = {
			isa = PBXNativeTarget;
			buildConfigurationList = 6F7181191E78E79000883C38 /* Build configuration list for PBXNativeTarget "Tomato" */;
			buildPhases = (
				6F7180E51E78E79000883C38 /* Sources */,
				6F7180E61E78E79000883C38 /* Frameworks */,
				6F7180E71E78E79000883C38 /* Resources */,
			);
			buildRules = (
			);
			dependencies = (
			);
			name = Tomato;
			productName = Tomato;
			productReference = 6F7180E91E78E79000883C38 /* Tomato.app */;
			productType = "com.apple.product-type.application";
		};
		6F7181041E78E79000883C38 /* TomatoTests */ = {
			isa = PBXNativeTarget;
			buildConfigurationList = 6F71811C1E78E79000883C38 /* Build configuration list for PBXNativeTarget "TomatoTests" */;
			buildPhases = (
				6F7181011E78E79000883C38 /* Sources */,
				6F7181021E78E79000883C38 /* Frameworks */,
				6F7181031E78E79000883C38 /* Resources */,
			);
			buildRules = (
			);
			dependencies = (
				6F7181071E78E79000883C38 /* PBXTargetDependency */,
			);
			name = TomatoTests;
			productName = TomatoTests;
			productReference = 6F7181051E78E79000883C38 /* TomatoTests.xctest */;
			productType = "com.apple.product-type.bundle.unit-test";
		};
		6F71810F1E78E79000883C38 /* TomatoUITests */ = {
			isa = PBXNativeTarget;
			buildConfigurationList = 6F71811F1E78E79000883C38 /* Build configuration list for PBXNativeTarget "TomatoUITests" */;
			buildPhases = (
				6F71810C1E78E79000883C38 /* Sources */,
				6F71810D1E78E79000883C38 /* Frameworks */,
				6F71810E1E78E79000883C38 /* Resources */,
			);
			buildRules = (
			);
			dependencies = (
				6F7181121E78E79000883C38 /* PBXTargetDependency */,
			);
			name = TomatoUITests;
			productName = TomatoUITests;
			productReference = 6F7181101E78E79000883C38 /* TomatoUITests.xctest */;
			productType = "com.apple.product-type.bundle.ui-testing";
		};
/* End PBXNativeTarget section */

/* Begin PBXProject section */
		6F7180E11E78E79000883C38 /* Project object */ = {
			isa = PBXProject;
			attributes = {
				LastUpgradeCheck = 0820;
				ORGANIZATIONNAME = Wong;
				TargetAttributes = {
					6F7180E81E78E79000883C38 = {
						CreatedOnToolsVersion = 8.2.1;
						DevelopmentTeam = TG63XY6WBF;
						ProvisioningStyle = Automatic;
					};
					6F7181041E78E79000883C38 = {
						CreatedOnToolsVersion = 8.2.1;
						DevelopmentTeam = TG63XY6WBF;
						ProvisioningStyle = Automatic;
						TestTargetID = 6F7180E81E78E79000883C38;
					};
					6F71810F1E78E79000883C38 = {
						CreatedOnToolsVersion = 8.2.1;
						DevelopmentTeam = TG63XY6WBF;
						ProvisioningStyle = Automatic;
						TestTargetID = 6F7180E81E78E79000883C38;
					};
				};
			};
			buildConfigurationList = 6F7180E41E78E79000883C38 /* Build configuration list for PBXProject "Tomato" */;
			compatibilityVersion = "Xcode 3.2";
			developmentRegion = English;
			hasScannedForEncodings = 0;
			knownRegions = (
				en,
				Base,
			);
			mainGroup = 6F7180E01E78E79000883C38;
			productRefGroup = 6F7180EA1E78E79000883C38 /* Products */;
			projectDirPath = "";
			projectRoot = "";
			targets = (
				6F7180E81E78E79000883C38 /* Tomato */,
				6F7181041E78E79000883C38 /* TomatoTests */,
				6F71810F1E78E79000883C38 /* TomatoUITests */,
			);
		};
/* End PBXProject section */

/* Begin PBXResourcesBuildPhase section */
		6F7180E71E78E79000883C38 /* Resources */ = {
			isa = PBXResourcesBuildPhase;
			buildActionMask = 2147483647;
			files = (
				6F7180FF1E78E79000883C38 /* LaunchScreen.storyboard in Resources */,
				6F7180FC1E78E79000883C38 /* Assets.xcassets in Resources */,
				6F7180F71E78E79000883C38 /* Main.storyboard in Resources */,
			);
			runOnlyForDeploymentPostprocessing = 0;
		};
		6F7181031E78E79000883C38 /* Resources */ = {
			isa = PBXResourcesBuildPhase;
			buildActionMask = 2147483647;
			files = (
			);
			runOnlyForDeploymentPostprocessing = 0;
		};
		6F71810E1E78E79000883C38 /* Resources */ = {
			isa = PBXResourcesBuildPhase;
			buildActionMask = 2147483647;
			files = (
			);
			runOnlyForDeploymentPostprocessing = 0;
		};
/* End PBXResourcesBuildPhase section */

/* Begin PBXSourcesBuildPhase section */
		6F7180E51E78E79000883C38 /* Sources */ = {
			isa = PBXSourcesBuildPhase;
			buildActionMask = 2147483647;
			files = (
				6F7180F41E78E79000883C38 /* ViewController.m in Sources */,
				6F7180F11E78E79000883C38 /* AppDelegate.m in Sources */,
				6F7180EE1E78E79000883C38 /* main.m in Sources */,
				6F7180FA1E78E79000883C38 /* Tomato.xcdatamodeld in Sources */,
			);
			runOnlyForDeploymentPostprocessing = 0;
		};
		6F7181011E78E79000883C38 /* Sources */ = {
			isa = PBXSourcesBuildPhase;
			buildActionMask = 2147483647;
			files = (
				6F71810A1E78E79000883C38 /* TomatoTests.m in Sources */,
			);
			runOnlyForDeploymentPostprocessing = 0;
		};
		6F71810C1E78E79000883C38 /* Sources */ = {
			isa = PBXSourcesBuildPhase;
			buildActionMask = 2147483647;
			files = (
				6F7181151E78E79000883C38 /* TomatoUITests.m in Sources */,
			);
			runOnlyForDeploymentPostprocessing = 0;
		};
/* End PBXSourcesBuildPhase section */

/* Begin PBXTargetDependency section */
		6F7181071E78E79000883C38 /* PBXTargetDependency */ = {
			isa = PBXTargetDependency;
			target = 6F7180E81E78E79000883C38 /* Tomato */;
			targetProxy = 6F7181061E78E79000883C38 /* PBXContainerItemProxy */;
		};
		6F7181121E78E79000883C38 /* PBXTargetDependency */ = {
			isa = PBXTargetDependency;
			target = 6F7180E81E78E79000883C38 /* Tomato */;
			targetProxy = 6F7181111E78E79000883C38 /* PBXContainerItemProxy */;
		};
/* End PBXTargetDependency section */

/* Begin PBXVariantGroup section */
		6F7180F51E78E79000883C38 /* Main.storyboard */ = {
			isa = PBXVariantGroup;
			children = (
				6F7180F61E78E79000883C38 /* Base */,
			);
			name = Main.storyboard;
			sourceTree = "<group>";
		};
		6F7180FD1E78E79000883C38 /* LaunchScreen.storyboard */ = {
			isa = PBXVariantGroup;
			children = (
				6F7180FE1E78E79000883C38 /* Base */,
			);
			name = LaunchScreen.storyboard;
			sourceTree = "<group>";
		};
/* End PBXVariantGroup section */

/* Begin XCBuildConfiguration section */
		6F7181171E78E79000883C38 /* Debug */ = {
			isa = XCBuildConfiguration;
			buildSettings = {
				ALWAYS_SEARCH_USER_PATHS = NO;
				CLANG_ANALYZER_NONNULL = YES;
				CLANG_CXX_LANGUAGE_STANDARD = "gnu++0x";
				CLANG_CXX_LIBRARY = "libc++";
				CLANG_ENABLE_MODULES = YES;
				CLANG_ENABLE_OBJC_ARC = YES;
				CLANG_WARN_BOOL_CONVERSION = YES;
				CLANG_WARN_CONSTANT_CONVERSION = YES;
				CLANG_WARN_DIRECT_OBJC_ISA_USAGE = YES_ERROR;
				CLANG_WARN_DOCUMENTATION_COMMENTS = YES;
				CLANG_WARN_EMPTY_BODY = YES;
				CLANG_WARN_ENUM_CONVERSION = YES;
				CLANG_WARN_INFINITE_RECURSION = YES;
				CLANG_WARN_INT_CONVERSION = YES;
				CLANG_WARN_OBJC_ROOT_CLASS = YES_ERROR;
				CLANG_WARN_SUSPICIOUS_MOVE = YES;
				CLANG_WARN_UNREACHABLE_CODE = YES;
				CLANG_WARN__DUPLICATE_METHOD_MATCH = YES;
				"CODE_SIGN_IDENTITY[sdk=iphoneos*]" = "iPhone Developer";
				COPY_PHASE_STRIP = NO;
				DEBUG_INFORMATION_FORMAT = dwarf;
				ENABLE_STRICT_OBJC_MSGSEND = YES;
				ENABLE_TESTABILITY = YES;
				GCC_C_LANGUAGE_STANDARD = gnu99;
				GCC_DYNAMIC_NO_PIC = NO;
				GCC_NO_COMMON_BLOCKS = YES;
				GCC_OPTIMIZATION_LEVEL = 0;
				GCC_PREPROCESSOR_DEFINITIONS = (
					"DEBUG=1",
					"$(inherited)",
				);
				GCC_WARN_64_TO_32_BIT_CONVERSION = YES;
				GCC_WARN_ABOUT_RETURN_TYPE = YES_ERROR;
				GCC_WARN_UNDECLARED_SELECTOR = YES;
				GCC_WARN_UNINITIALIZED_AUTOS = YES_AGGRESSIVE;
				GCC_WARN_UNUSED_FUNCTION = YES;
				GCC_WARN_UNUSED_VARIABLE = YES;
				IPHONEOS_DEPLOYMENT_TARGET = 10.2;
				MTL_ENABLE_DEBUG_INFO = YES;
				ONLY_ACTIVE_ARCH = YES;
				SDKROOT = iphoneos;
			};
			name = Debug;
		};
		6F7181181E78E79000883C38 /* Release */ = {
			isa = XCBuildConfiguration;
			buildSettings = {
				ALWAYS_SEARCH_USER_PATHS = NO;
				CLANG_ANALYZER_NONNULL = YES;
				CLANG_CXX_LANGUAGE_STANDARD = "gnu++0x";
				CLANG_CXX_LIBRARY = "libc++";
				CLANG_ENABLE_MODULES = YES;
				CLANG_ENABLE_OBJC_ARC = YES;
				CLANG_WARN_BOOL_CONVERSION = YES;
				CLANG_WARN_CONSTANT_CONVERSION = YES;
				CLANG_WARN_DIRECT_OBJC_ISA_USAGE = YES_ERROR;
				CLANG_WARN_DOCUMENTATION_COMMENTS = YES;
				CLANG_WARN_EMPTY_BODY = YES;
				CLANG_WARN_ENUM_CONVERSION = YES;
				CLANG_WARN_INFINITE_RECURSION = YES;
				CLANG_WARN_INT_CONVERSION = YES;
				CLANG_WARN_OBJC_ROOT_CLASS = YES_ERROR;
				CLANG_WARN_SUSPICIOUS_MOVE = YES;
				CLANG_WARN_UNREACHABLE_CODE = YES;
				CLANG_WARN__DUPLICATE_METHOD_MATCH = YES;
				"CODE_SIGN_IDENTITY[sdk=iphoneos*]" = "iPhone Developer";
				COPY_PHASE_STRIP = NO;
				DEBUG_INFORMATION_FORMAT = "dwarf-with-dsym";
				ENABLE_NS_ASSERTIONS = NO;
				ENABLE_STRICT_OBJC_MSGSEND = YES;
				GCC_C_LANGUAGE_STANDARD = gnu99;
				GCC_NO_COMMON_BLOCKS = YES;
				GCC_WARN_64_TO_32_BIT_CONVERSION = YES;
				GCC_WARN_ABOUT_RETURN_TYPE = YES_ERROR;
				GCC_WARN_UNDECLARED_SELECTOR = YES;
				GCC_WARN_UNINITIALIZED_AUTOS = YES_AGGRESSIVE;
				GCC_WARN_UNUSED_FUNCTION = YES;
				GCC_WARN_UNUSED_VARIABLE = YES;
				IPHONEOS_DEPLOYMENT_TARGET = 10.2;
				MTL_ENABLE_DEBUG_INFO = NO;
				SDKROOT = iphoneos;
				VALIDATE_PRODUCT = YES;
			};
			name = Release;
		};
		6F71811A1E78E79000883C38 /* Debug */ = {
			isa = XCBuildConfiguration;
			buildSettings = {
				ASSETCATALOG_COMPILER_APPICON_NAME = AppIcon;
				DEVELOPMENT_TEAM = TG63XY6WBF;
				INFOPLIST_FILE = Tomato/Info.plist;
				LD_RUNPATH_SEARCH_PATHS = "$(inherited) @executable_path/Frameworks";
				PRODUCT_BUNDLE_IDENTIFIER = com.wangyajing.Tomato;
				PRODUCT_NAME = "$(TARGET_NAME)";
			};
			name = Debug;
		};
		6F71811B1E78E79000883C38 /* Release */ = {
			isa = XCBuildConfiguration;
			buildSettings = {
				ASSETCATALOG_COMPILER_APPICON_NAME = AppIcon;
				DEVELOPMENT_TEAM = TG63XY6WBF;
				INFOPLIST_FILE = Tomato/Info.plist;
				LD_RUNPATH_SEARCH_PATHS = "$(inherited) @executable_path/Frameworks";
				PRODUCT_BUNDLE_IDENTIFIER = com.wangyajing.Tomato;
				PRODUCT_NAME = "$(TARGET_NAME)";
			};
			name = Release;
		};
		6F71811D1E78E79000883C38 /* Debug */ = {
			isa = XCBuildConfiguration;
			buildSettings = {
				BUNDLE_LOADER = "$(TEST_HOST)";
				DEVELOPMENT_TEAM = TG63XY6WBF;
				INFOPLIST_FILE = TomatoTests/Info.plist;
				LD_RUNPATH_SEARCH_PATHS = "$(inherited) @executable_path/Frameworks @loader_path/Frameworks";
				PRODUCT_BUNDLE_IDENTIFIER = com.wangyajing.TomatoTests;
				PRODUCT_NAME = "$(TARGET_NAME)";
				TEST_HOST = "$(BUILT_PRODUCTS_DIR)/Tomato.app/Tomato";
			};
			name = Debug;
		};
		6F71811E1E78E79000883C38 /* Release */ = {
			isa = XCBuildConfiguration;
			buildSettings = {
				BUNDLE_LOADER = "$(TEST_HOST)";
				DEVELOPMENT_TEAM = TG63XY6WBF;
				INFOPLIST_FILE = TomatoTests/Info.plist;
				LD_RUNPATH_SEARCH_PATHS = "$(inherited) @executable_path/Frameworks @loader_path/Frameworks";
				PRODUCT_BUNDLE_IDENTIFIER = com.wangyajing.TomatoTests;
				PRODUCT_NAME = "$(TARGET_NAME)";
				TEST_HOST = "$(BUILT_PRODUCTS_DIR)/Tomato.app/Tomato";
			};
			name = Release;
		};
		6F7181201E78E79000883C38 /* Debug */ = {
			isa = XCBuildConfiguration;
			buildSettings = {
				DEVELOPMENT_TEAM = TG63XY6WBF;
				INFOPLIST_FILE = TomatoUITests/Info.plist;
				LD_RUNPATH_SEARCH_PATHS = "$(inherited) @executable_path/Frameworks @loader_path/Frameworks";
				PRODUCT_BUNDLE_IDENTIFIER = com.wangyajing.TomatoUITests;
				PRODUCT_NAME = "$(TARGET_NAME)";
				TEST_TARGET_NAME = Tomato;
			};
			name = Debug;
		};
		6F7181211E78E79000883C38 /* Release */ = {
			isa = XCBuildConfiguration;
			buildSettings = {
				DEVELOPMENT_TEAM = TG63XY6WBF;
				INFOPLIST_FILE = TomatoUITests/Info.plist;
				LD_RUNPATH_SEARCH_PATHS = "$(inherited) @executable_path/Frameworks @loader_path/Frameworks";
				PRODUCT_BUNDLE_IDENTIFIER = com.wangyajing.TomatoUITests;
				PRODUCT_NAME = "$(TARGET_NAME)";
				TEST_TARGET_NAME = Tomato;
			};
			name = Release;
		};
/* End XCBuildConfiguration section */

/* Begin XCConfigurationList section */
		6F7180E41E78E79000883C38 /* Build configuration list for PBXProject "Tomato" */ = {
			isa = XCConfigurationList;
			buildConfigurations = (
				6F7181171E78E79000883C38 /* Debug */,
				6F7181181E78E79000883C38 /* Release */,
			);
			defaultConfigurationIsVisible = 0;
			defaultConfigurationName = Release;
		};
		6F7181191E78E79000883C38 /* Build configuration list for PBXNativeTarget "Tomato" */ = {
			isa = XCConfigurationList;
			buildConfigurations = (
				6F71811A1E78E79000883C38 /* Debug */,
				6F71811B1E78E79000883C38 /* Release */,
			);
			defaultConfigurationIsVisible = 0;
		};
		6F71811C1E78E79000883C38 /* Build configuration list for PBXNativeTarget "TomatoTests" */ = {
			isa = XCConfigurationList;
			buildConfigurations = (
				6F71811D1E78E79000883C38 /* Debug */,
				6F71811E1E78E79000883C38 /* Release */,
			);
			defaultConfigurationIsVisible = 0;
		};
		6F71811F1E78E79000883C38 /* Build configuration list for PBXNativeTarget "TomatoUITests" */ = {
			isa = XCConfigurationList;
			buildConfigurations = (
				6F7181201E78E79000883C38 /* Debug */,
				6F7181211E78E79000883C38 /* Release */,
			);
			defaultConfigurationIsVisible = 0;
		};
/* End XCConfigurationList section */

/* Begin XCVersionGroup section */
		6F7180F81E78E79000883C38 /* Tomato.xcdatamodeld */ = {
			isa = XCVersionGroup;
			children = (
				6F7180F91E78E79000883C38 /* Tomato.xcdatamodel */,
			);
			currentVersion = 6F7180F91E78E79000883C38 /* Tomato.xcdatamodel */;
			path = Tomato.xcdatamodeld;
			sourceTree = "<group>";
			versionGroupType = wrapper.xcdatamodel;
		};
/* End XCVersionGroup section */
	};
	rootObject = 6F7180E11E78E79000883C38 /* Project object */;
}
